
Microsoft Visual Studio Solution File, Format Version 12.00
# Visual Studio Version 16
VisualStudioVersion = 16.0.29911.84
MinimumVisualStudioVersion = 10.0.40219.1
Project("{FAE04EC0-301F-11D3-BF4B-00C04F79EFBC}") = "JardinInfantes-Biblioteca", "JardinInfantes-Biblioteca\JardinInfantes-Biblioteca.csproj", "{0CFA6E6B-4E7E-450A-B8B4-4CC23D04CCF5}"
EndProject
Project("{FAE04EC0-301F-11D3-BF4B-00C04F79EFBC}") = "FrmJardinInfantes", "FrmJardinInfantes\FrmJardinInfantes.csproj", "{CFEA30DA-034C-4331-8080-DDAA0E20A88B}"
EndProject
Project("{FAE04EC0-301F-11D3-BF4B-00C04F79EFBC}") = "PruebaUnitarias", "PruebaUnitarias\PruebaUnitarias.csproj", "{5EAE3E46-5245-482E-A1AC-CD95BF347B24}"
EndProject
Global
	GlobalSection(SolutionConfigurationPlatforms) = preSolution
		Debug|Any CPU = Debug|Any CPU
		Release|Any CPU = Release|Any CPU
	EndGlobalSection
	GlobalSection(ProjectConfigurationPlatforms) = postSolution
		{0CFA6E6B-4E7E-450A-B8B4-4CC23D04CCF5}.Debug|Any CPU.ActiveCfg = Debug|Any CPU
		{0CFA6E6B-4E7E-450A-B8B4-4CC23D04CCF5}.Debug|Any CPU.Build.0 = Debug|Any CPU
		{0CFA6E6B-4E7E-450A-B8B4-4CC23D04CCF5}.Release|Any CPU.ActiveCfg = Release|Any CPU
		{0CFA6E6B-4E7E-450A-B8B4-4CC23D04CCF5}.Release|Any CPU.Build.0 = Release|Any CPU
		{CFEA30DA-034C-4331-8080-DDAA0E20A88B}.Debug|Any CPU.ActiveCfg = Debug|Any CPU
		{CFEA30DA-034C-4331-8080-DDAA0E20A88B}.Debug|Any CPU.Build.0 = Debug|Any CPU
		{CFEA30DA-034C-4331-8080-DDAA0E20A88B}.Release|Any CPU.ActiveCfg = Release|Any CPU
		{CFEA30DA-034C-4331-8080-DDAA0E20A88B}.Release|Any CPU.Build.0 = Release|Any CPU
		{5EAE3E46-5245-482E-A1AC-CD95BF347B24}.Debug|Any CPU.ActiveCfg = Debug|Any CPU
		{5EAE3E46-5245-482E-A1AC-CD95BF347B24}.Debug|Any CPU.Build.0 = Debug|Any CPU
		{5EAE3E46-5245-482E-A1AC-CD95BF347B24}.Release|Any CPU.ActiveCfg = Release|Any CPU
		{5EAE3E46-5245-482E-A1AC-CD95BF347B24}.Release|Any CPU.Build.0 = Release|Any CPU
	EndGlobalSection
	GlobalSection(SolutionProperties) = preSolution
		HideSolutionNode = FALSE
	EndGlobalSection
	GlobalSection(ExtensibilityGlobals) = postSolution
		SolutionGuid = {F0E46BAA-88AA-4D23-8B7E-3BDA85FFED41}
	EndGlobalSection
EndGlobal
